{
  "requires": true,
  "lockfileVersion": 1,
  "dependencies": {
    "ng-open-cv": {
      "version": "0.3.1",
      "resolved": "https://registry.npmjs.org/ng-open-cv/-/ng-open-cv-0.3.1.tgz",
      "integrity": "sha512-BN4n/2ps6Kw6tpQzLzvsQO6+d9Rn5bYJSU3uiEGXbwmqs1UCzTxNhXJgWMW6klRLf+WS4zUQGjY06Mp/+kqVFQ==",
      "requires": {
        "tslib": "^1.9.0"
      }
    },
    "tslib": {
      "version": "1.10.0",
      "resolved": "https://registry.npmjs.org/tslib/-/tslib-1.10.0.tgz",
      "integrity": "sha512-qOebF53frne81cf0S9B41ByenJ3/IuH8yJKngAX35CmiZySA0khhkovshKK+jGCaMnVomla7gVlIcc3EvKPbTQ=="
    }
  }
}
